
Microsoft Visual Studio Solution File, Format Version 12.00
# Visual Studio 15
VisualStudioVersion = 15.0.28010.2048
MinimumVisualStudioVersion = 10.0.40219.1
Project("{FAE04EC0-301F-11D3-BF4B-00C04F79EFBC}") = "GrainGrowth", "WpfApp2\GrainGrowth.csproj", "{B274174D-0F9C-44C3-B8E3-ECBA704CB633}"
EndProject
Project("{FAE04EC0-301F-11D3-BF4B-00C04F79EFBC}") = "GrainGrowth.Lib", "ClassLibrary1\GrainGrowth.Lib.csproj", "{05885EC5-B51D-4986-A743-FAC566D330C1}"
EndProject
Global
	GlobalSection(SolutionConfigurationPlatforms) = preSolution
		Debug|Any CPU = Debug|Any CPU
		Release|Any CPU = Release|Any CPU
	EndGlobalSection
	GlobalSection(ProjectConfigurationPlatforms) = postSolution
		{B274174D-0F9C-44C3-B8E3-ECBA704CB633}.Debug|Any CPU.ActiveCfg = Debug|Any CPU
		{B274174D-0F9C-44C3-B8E3-ECBA704CB633}.Debug|Any CPU.Build.0 = Debug|Any CPU
		{B274174D-0F9C-44C3-B8E3-ECBA704CB633}.Release|Any CPU.ActiveCfg = Release|Any CPU
		{B274174D-0F9C-44C3-B8E3-ECBA704CB633}.Release|Any CPU.Build.0 = Release|Any CPU
		{05885EC5-B51D-4986-A743-FAC566D330C1}.Debug|Any CPU.ActiveCfg = Debug|Any CPU
		{05885EC5-B51D-4986-A743-FAC566D330C1}.Debug|Any CPU.Build.0 = Debug|Any CPU
		{05885EC5-B51D-4986-A743-FAC566D330C1}.Release|Any CPU.ActiveCfg = Release|Any CPU
		{05885EC5-B51D-4986-A743-FAC566D330C1}.Release|Any CPU.Build.0 = Release|Any CPU
	EndGlobalSection
	GlobalSection(SolutionProperties) = preSolution
		HideSolutionNode = FALSE
	EndGlobalSection
	GlobalSection(ExtensibilityGlobals) = postSolution
		SolutionGuid = {0E065205-A68F-4E28-A59B-19B6E5ECE832}
	EndGlobalSection
EndGlobal
